
Microsoft Visual Studio Solution File, Format Version 12.00
# Visual Studio Version 17
VisualStudioVersion = 17.12.35514.174
MinimumVisualStudioVersion = 10.0.40219.1
Project("{9A19103F-16F7-4668-BE54-9A1E7A4F7556}") = "ProductManagement", "ProductManagement.csproj", "{B55109DE-1759-4956-BC7E-1FC23568B3CC}"
EndProject
Project("{FAE04EC0-301F-11D3-BF4B-00C04F79EFBC}") = "ProductManagement.Server", "..\ProductManagement.Server\ProductManagement.Server.csproj", "{DE49C1E2-43B0-4794-839A-06042A7BF0B3}"
EndProject
Global
	GlobalSection(SolutionConfigurationPlatforms) = preSolution
		Debug|Any CPU = Debug|Any CPU
		Release|Any CPU = Release|Any CPU
	EndGlobalSection
	GlobalSection(ProjectConfigurationPlatforms) = postSolution
		{B55109DE-1759-4956-BC7E-1FC23568B3CC}.Debug|Any CPU.ActiveCfg = Debug|Any CPU
		{B55109DE-1759-4956-BC7E-1FC23568B3CC}.Debug|Any CPU.Build.0 = Debug|Any CPU
		{B55109DE-1759-4956-BC7E-1FC23568B3CC}.Release|Any CPU.ActiveCfg = Release|Any CPU
		{B55109DE-1759-4956-BC7E-1FC23568B3CC}.Release|Any CPU.Build.0 = Release|Any CPU
		{DE49C1E2-43B0-4794-839A-06042A7BF0B3}.Debug|Any CPU.ActiveCfg = Debug|Any CPU
		{DE49C1E2-43B0-4794-839A-06042A7BF0B3}.Debug|Any CPU.Build.0 = Debug|Any CPU
		{DE49C1E2-43B0-4794-839A-06042A7BF0B3}.Release|Any CPU.ActiveCfg = Release|Any CPU
		{DE49C1E2-43B0-4794-839A-06042A7BF0B3}.Release|Any CPU.Build.0 = Release|Any CPU
	EndGlobalSection
	GlobalSection(SolutionProperties) = preSolution
		HideSolutionNode = FALSE
	EndGlobalSection
	GlobalSection(ExtensibilityGlobals) = postSolution
		SolutionGuid = {2A3EA3A4-6B01-472A-B8B8-38BC6E00888C}
	EndGlobalSection
EndGlobal
